# RIHS01 type-hash lockfile for autoware_component_interface_specs (Jazzy only).
# Generated by generate_type_hashes; do not edit by hand. See README.md.
# <rihs01-hash>  <type>  <kind>
RIHS01_4cc4267d15610f8c91e8ba427ef2aa683747ddeb80fd777ab0aaf420cb29af88  autoware_adapi_v1_msgs/msg/LocalizationInitializationState  topic
RIHS01_122431ff0acbe0d30ccd9dee2a5251183181237b52926dc70bf6bfdba8c85904  autoware_adapi_v1_msgs/msg/MrmState  topic
RIHS01_c2e56618c8d545e53f586bee1019ef55e83491642e3d0ed21c5265f66f8c5d65  autoware_adapi_v1_msgs/msg/OperationModeState  topic
RIHS01_7818be59aa790ebb777db06e55a2c15e3756de4cc35c80b1e8271afc5bab2e9d  autoware_control_msgs/msg/Control  topic
RIHS01_bf75bc0d92fad3f219cefd0cda0ef68ad546ef844a4bffee0d69f8cfe3835952  autoware_localization_msgs/srv/InitializeLocalization  service
RIHS01_6f9ffdc49d83a9dbf601c862dc49c556e0c70f4d9419e68887743aabfb9478f7  autoware_map_msgs/msg/LaneletMapBin  topic
RIHS01_1694bc496934e81ef7f9eea9251d6bd5638c0cbe743b26138b3da7e3e02a9b3d  autoware_map_msgs/msg/MapProjectorInfo  topic
RIHS01_b9976cab541b02361354e74f4408f33bf14235d054a70f2ad71c3df25eb87175  autoware_map_msgs/srv/GetDifferentialPointCloudMap  service
RIHS01_18bf2f94572d4863be1a888083e153f96222e36284e33f031717ea4f61db1c13  autoware_map_msgs/srv/GetPartialPointCloudMap  service
RIHS01_b63151309c3323bb6e3f09c54b3358aa53a8e66937a1cde15c5d5ede1ef80a08  autoware_perception_msgs/msg/PredictedObjects  topic
RIHS01_3559bd4e62ce8a4d96e32720c02bbe656cc090bb2b3f3f91f52a7c3ab095417a  autoware_perception_msgs/msg/TrackedObjects  topic
RIHS01_6f6bf892681a43836041dabdac5e95dc3125f1f785d7455c77d09a8b4645fc90  autoware_perception_msgs/msg/TrafficLightGroupArray  topic
RIHS01_ad6699d22cb153b658bad201b9e36a7870230388902c1b0d052d3198062f64ed  autoware_planning_msgs/msg/LaneletRoute  topic
RIHS01_d40f57344141119cd912213bd9a6fb0b8efbc08566a5dea033a58b9243933415  autoware_planning_msgs/msg/RouteState  topic
RIHS01_8259168af0abd0d3fa8297048f83aae4dad0955bd2d4e0904bcdc4f6f99a61b2  autoware_planning_msgs/msg/Trajectory  topic
RIHS01_d3fa47541f1f8220bb32d3fb011ac8874d8b8b170693eada81d47a5ee61e3d95  autoware_planning_msgs/srv/ClearRoute  service
RIHS01_c32eff6b620889d0b396531939a668ce0a57ee7125327d62fcfbd0a9f07d95a5  autoware_planning_msgs/srv/SetLaneletRoute  service
RIHS01_f2275c8d88de749cbecfb3e1cd2e3ceed3b58bb4851ae81b36e0279ec8dbcf43  autoware_planning_msgs/srv/SetWaypointRoute  service
RIHS01_2f4744829312c9b6e0572a8e5a7c6a2d53e1f9f8770f4820d06afabf08fe9273  autoware_system_msgs/srv/ChangeAutowareControl  service
RIHS01_3db66f08319941efed77ad1f3b6fbdf262b8bd1c76e6a19377b8eb90f4222b98  autoware_system_msgs/srv/ChangeOperationMode  service
RIHS01_968feaa6441be3c3b161f2eb65972a4b15394d0a7ddc4664318551280d1ff222  autoware_vehicle_msgs/msg/ControlModeReport  topic
RIHS01_4aa982c6505fafa9bdca2d243d0a71e46ff9a1e7013767f13a533d0a5d30a1a6  autoware_vehicle_msgs/msg/GearCommand  topic
RIHS01_4d14bc3f186c1a6af6a732bb5ebd540cdd742a56770012f4c3cb9e762de8f391  autoware_vehicle_msgs/msg/GearReport  topic
RIHS01_ad2386a78a210625f1fb35f8043ef4e78da58cf01f33c340fa9468e5e8cdd0bc  autoware_vehicle_msgs/msg/HazardLightsCommand  topic
RIHS01_01ce3b4293a5c2799fd7483b2d62a790e26fe8f2b5d60e48149163475685f28a  autoware_vehicle_msgs/msg/HazardLightsReport  topic
RIHS01_aa3acc9ca95ebc4daf9dec0ecf87911ad9c196392857c3026bfead589db65a94  autoware_vehicle_msgs/msg/SteeringReport  topic
RIHS01_657d7f761a9b02c543e4bf3e0000405906b6169dc0bbfd6637c64fe00d98cec7  autoware_vehicle_msgs/msg/TurnIndicatorsCommand  topic
RIHS01_c05a54cd244f1c9d683613b11c87a5b3ef816eed7a5f207368301221731a0964  autoware_vehicle_msgs/msg/TurnIndicatorsReport  topic
RIHS01_9052adda949c32f4a98500abc1fb5bd23f2560e321eebdfbb25318d6108d4ce4  autoware_vehicle_msgs/msg/VelocityReport  topic
RIHS01_1a4e4365e7f8f2bf8126953995042a6a9c40a5ba1e17988e95b0da1f2ddf79af  autoware_vehicle_msgs/srv/ControlModeCommand  service
RIHS01_61c9ad8928e71dd95ce791b2f02809ee2a0bbcc42cd0e4047fd00a822a08e444  geometry_msgs/msg/AccelWithCovarianceStamped  topic
RIHS01_77b67434531e6529b7a0091357b186b6ebdb17fd9ffd3e0c7ce9d3fb11a44563  geometry_msgs/msg/TwistWithCovarianceStamped  topic
RIHS01_3cc97dc7fb7502f8714462c526d369e35b603cfc34d946e3f2eda2766dfec6e0  nav_msgs/msg/Odometry  topic
